// !$*UTF8*$!
{
	archiveVersion = 1;
	classes = {
	};
	objectVersion = 46;
	objects = {

/* Begin PBXBuildFile section */
		4C5B9C90192F9DCC00FC054F /* Foundation.framework in Frameworks */ = {isa = PBXBuildFile; fileRef = 4C5B9C8F192F9DCC00FC054F /* Foundation.framework */; };
		4C5B9C92192F9DCC00FC054F /* CoreGraphics.framework in Frameworks */ = {isa = PBXBuildFile; fileRef = 4C5B9C91192F9DCC00FC054F /* CoreGraphics.framework */; };
		4C5B9C94192F9DCC00FC054F /* UIKit.framework in Frameworks */ = {isa = PBXBuildFile; fileRef = 4C5B9C93192F9DCC00FC054F /* UIKit.framework */; };
		4C5B9C9A192F9DCC00FC054F /* InfoPlist.strings in Resources */ = {isa = PBXBuildFile; fileRef = 4C5B9C98192F9DCC00FC054F /* InfoPlist.strings */; };
		4C5B9C9C192F9DCC00FC054F /* main.m in Sources */ = {isa = PBXBuildFile; fileRef = 4C5B9C9B192F9DCC00FC054F /* main.m */; };
		4C5B9CA0192F9DCC00FC054F /* AppDelegate.m in Sources */ = {isa = PBXBuildFile; fileRef = 4C5B9C9F192F9DCC00FC054F /* AppDelegate.m */; };
		4C5B9CA3192F9DCC00FC054F /* Main.storyboard in Resources */ = {isa = PBXBuildFile; fileRef = 4C5B9CA1192F9DCC00FC054F /* Main.storyboard */; };
		4C5B9CA6192F9DCC00FC054F /* ViewController.m in Sources */ = {isa = PBXBuildFile; fileRef = 4C5B9CA5192F9DCC00FC054F /* ViewController.m */; };
		4C5B9CA8192F9DCC00FC054F /* Images.xcassets in Resources */ = {isa = PBXBuildFile; fileRef = 4C5B9CA7192F9DCC00FC054F /* Images.xcassets */; };
		4C5B9CAF192F9DCC00FC054F /* XCTest.framework in Frameworks */ = {isa = PBXBuildFile; fileRef = 4C5B9CAE192F9DCC00FC054F /* XCTest.framework */; };
		4C5B9CB0192F9DCC00FC054F /* Foundation.framework in Frameworks */ = {isa = PBXBuildFile; fileRef = 4C5B9C8F192F9DCC00FC054F /* Foundation.framework */; };
		4C5B9CB1192F9DCC00FC054F /* UIKit.framework in Frameworks */ = {isa = PBXBuildFile; fileRef = 4C5B9C93192F9DCC00FC054F /* UIKit.framework */; };
		4C5B9CB9192F9DCC00FC054F /* InfoPlist.strings in Resources */ = {isa = PBXBuildFile; fileRef = 4C5B9CB7192F9DCC00FC054F /* InfoPlist.strings */; };
		4C5B9CBB192F9DCC00FC054F /* testCategoriesTests.m in Sources */ = {isa = PBXBuildFile; fileRef = 4C5B9CBA192F9DCC00FC054F /* testCategoriesTests.m */; };
		4C5B9CC6192F9DD900FC054F /* UIView+myCategoryName.m in Sources */ = {isa = PBXBuildFile; fileRef = 4C5B9CC5192F9DD900FC054F /* UIView+myCategoryName.m */; };
/* End PBXBuildFile section */

/* Begin PBXContainerItemProxy section */
		4C5B9CB2192F9DCC00FC054F /* PBXContainerItemProxy */ = {
			isa = PBXContainerItemProxy;
			containerPortal = 4C5B9C84192F9DCC00FC054F /* Project object */;
			proxyType = 1;
			remoteGlobalIDString = 4C5B9C8B192F9DCC00FC054F;
			remoteInfo = testCategories;
		};
/* End PBXContainerItemProxy section */

/* Begin PBXFileReference section */
		4C5B9C8C192F9DCC00FC054F /* testCategories.app */ = {isa = PBXFileReference; explicitFileType = wrapper.application; includeInIndex = 0; path = testCategories.app; sourceTree = BUILT_PRODUCTS_DIR; };
		4C5B9C8F192F9DCC00FC054F /* Foundation.framework */ = {isa = PBXFileReference; lastKnownFileType = wrapper.framework; name = Foundation.framework; path = System/Library/Frameworks/Foundation.framework; sourceTree = SDKROOT; };
		4C5B9C91192F9DCC00FC054F /* CoreGraphics.framework */ = {isa = PBXFileReference; lastKnownFileType = wrapper.framework; name = CoreGraphics.framework; path = System/Library/Frameworks/CoreGraphics.framework; sourceTree = SDKROOT; };
		4C5B9C93192F9DCC00FC054F /* UIKit.framework */ = {isa = PBXFileReference; lastKnownFileType = wrapper.framework; name = UIKit.framework; path = System/Library/Frameworks/UIKit.framework; sourceTree = SDKROOT; };
		4C5B9C97192F9DCC00FC054F /* testCategories-Info.plist */ = {isa = PBXFileReference; lastKnownFileType = text.plist.xml; path = "testCategories-Info.plist"; sourceTree = "<group>"; };
		4C5B9C99192F9DCC00FC054F /* en */ = {isa = PBXFileReference; lastKnownFileType = text.plist.strings; name = en; path = en.lproj/InfoPlist.strings; sourceTree = "<group>"; };
		4C5B9C9B192F9DCC00FC054F /* main.m */ = {isa = PBXFileReference; lastKnownFileType = sourcecode.c.objc; path = main.m; sourceTree = "<group>"; };
		4C5B9C9D192F9DCC00FC054F /* testCategories-Prefix.pch */ = {isa = PBXFileReference; lastKnownFileType = sourcecode.c.h; path = "testCategories-Prefix.pch"; sourceTree = "<group>"; };
		4C5B9C9E192F9DCC00FC054F /* AppDelegate.h */ = {isa = PBXFileReference; lastKnownFileType = sourcecode.c.h; path = AppDelegate.h; sourceTree = "<group>"; };
		4C5B9C9F192F9DCC00FC054F /* AppDelegate.m */ = {isa = PBXFileReference; lastKnownFileType = sourcecode.c.objc; path = AppDelegate.m; sourceTree = "<group>"; };
		4C5B9CA2192F9DCC00FC054F /* Base */ = {isa = PBXFileReference; lastKnownFileType = file.storyboard; name = Base; path = Base.lproj/Main.storyboard; sourceTree = "<group>"; };
		4C5B9CA4192F9DCC00FC054F /* ViewController.h */ = {isa = PBXFileReference; lastKnownFileType = sourcecode.c.h; path = ViewController.h; sourceTree = "<group>"; };
		4C5B9CA5192F9DCC00FC054F /* ViewController.m */ = {isa = PBXFileReference; lastKnownFileType = sourcecode.c.objc; path = ViewController.m; sourceTree = "<group>"; };
		4C5B9CA7192F9DCC00FC054F /* Images.xcassets */ = {isa = PBXFileReference; lastKnownFileType = folder.assetcatalog; path = Images.xcassets; sourceTree = "<group>"; };
		4C5B9CAD192F9DCC00FC054F /* testCategoriesTests.xctest */ = {isa = PBXFileReference; explicitFileType = wrapper.cfbundle; includeInIndex = 0; path = testCategoriesTests.xctest; sourceTree = BUILT_PRODUCTS_DIR; };
		4C5B9CAE192F9DCC00FC054F /* XCTest.framework */ = {isa = PBXFileReference; lastKnownFileType = wrapper.framework; name = XCTest.framework; path = Library/Frameworks/XCTest.framework; sourceTree = DEVELOPER_DIR; };
		4C5B9CB6192F9DCC00FC054F /* testCategoriesTests-Info.plist */ = {isa = PBXFileReference; lastKnownFileType = text.plist.xml; path = "testCategoriesTests-Info.plist"; sourceTree = "<group>"; };
		4C5B9CB8192F9DCC00FC054F /* en */ = {isa = PBXFileReference; lastKnownFileType = text.plist.strings; name = en; path = en.lproj/InfoPlist.strings; sourceTree = "<group>"; };
		4C5B9CBA192F9DCC00FC054F /* testCategoriesTests.m */ = {isa = PBXFileReference; lastKnownFileType = sourcecode.c.objc; path = testCategoriesTests.m; sourceTree = "<group>"; };
		4C5B9CC4192F9DD900FC054F /* UIView+myCategoryName.h */ = {isa = PBXFileReference; fileEncoding = 4; lastKnownFileType = sourcecode.c.h; path = "UIView+myCategoryName.h"; sourceTree = "<group>"; };
		4C5B9CC5192F9DD900FC054F /* UIView+myCategoryName.m */ = {isa = PBXFileReference; fileEncoding = 4; lastKnownFileType = sourcecode.c.objc; path = "UIView+myCategoryName.m"; sourceTree = "<group>"; };
/* End PBXFileReference section */

/* Begin PBXFrameworksBuildPhase section */
		4C5B9C89192F9DCC00FC054F /* Frameworks */ = {
			isa = PBXFrameworksBuildPhase;
			buildActionMask = 2147483647;
			files = (
				4C5B9C92192F9DCC00FC054F /* CoreGraphics.framework in Frameworks */,
				4C5B9C94192F9DCC00FC054F /* UIKit.framework in Frameworks */,
				4C5B9C90192F9DCC00FC054F /* Foundation.framework in Frameworks */,
			);
			runOnlyForDeploymentPostprocessing = 0;
		};
		4C5B9CAA192F9DCC00FC054F /* Frameworks */ = {
			isa = PBXFrameworksBuildPhase;
			buildActionMask = 2147483647;
			files = (
				4C5B9CAF192F9DCC00FC054F /* XCTest.framework in Frameworks */,
				4C5B9CB1192F9DCC00FC054F /* UIKit.framework in Frameworks */,
				4C5B9CB0192F9DCC00FC054F /* Foundation.framework in Frameworks */,
			);
			runOnlyForDeploymentPostprocessing = 0;
		};
/* End PBXFrameworksBuildPhase section */

/* Begin PBXGroup section */
		4C5B9C83192F9DCC00FC054F = {
			isa = PBXGroup;
			children = (
				4C5B9C95192F9DCC00FC054F /* testCategories */,
				4C5B9CB4192F9DCC00FC054F /* testCategoriesTests */,
				4C5B9C8E192F9DCC00FC054F /* Frameworks */,
				4C5B9C8D192F9DCC00FC054F /* Products */,
			);
			sourceTree = "<group>";
		};
		4C5B9C8D192F9DCC00FC054F /* Products */ = {
			isa = PBXGroup;
			children = (
				4C5B9C8C192F9DCC00FC054F /* testCategories.app */,
				4C5B9CAD192F9DCC00FC054F /* testCategoriesTests.xctest */,
			);
			name = Products;
			sourceTree = "<group>";
		};
		4C5B9C8E192F9DCC00FC054F /* Frameworks */ = {
			isa = PBXGroup;
			children = (
				4C5B9C8F192F9DCC00FC054F /* Foundation.framework */,
				4C5B9C91192F9DCC00FC054F /* CoreGraphics.framework */,
				4C5B9C93192F9DCC00FC054F /* UIKit.framework */,
				4C5B9CAE192F9DCC00FC054F /* XCTest.framework */,
			);
			name = Frameworks;
			sourceTree = "<group>";
		};
		4C5B9C95192F9DCC00FC054F /* testCategories */ = {
			isa = PBXGroup;
			children = (
				4C5B9C9E192F9DCC00FC054F /* AppDelegate.h */,
				4C5B9C9F192F9DCC00FC054F /* AppDelegate.m */,
				4C5B9CA1192F9DCC00FC054F /* Main.storyboard */,
				4C5B9CA4192F9DCC00FC054F /* ViewController.h */,
				4C5B9CA5192F9DCC00FC054F /* ViewController.m */,
				4C5B9CA7192F9DCC00FC054F /* Images.xcassets */,
				4C5B9C96192F9DCC00FC054F /* Supporting Files */,
				4C5B9CC4192F9DD900FC054F /* UIView+myCategoryName.h */,
				4C5B9CC5192F9DD900FC054F /* UIView+myCategoryName.m */,
			);
			path = testCategories;
			sourceTree = "<group>";
		};
		4C5B9C96192F9DCC00FC054F /* Supporting Files */ = {
			isa = PBXGroup;
			children = (
				4C5B9C97192F9DCC00FC054F /* testCategories-Info.plist */,
				4C5B9C98192F9DCC00FC054F /* InfoPlist.strings */,
				4C5B9C9B192F9DCC00FC054F /* main.m */,
				4C5B9C9D192F9DCC00FC054F /* testCategories-Prefix.pch */,
			);
			name = "Supporting Files";
			sourceTree = "<group>";
		};
		4C5B9CB4192F9DCC00FC054F /* testCategoriesTests */ = {
			isa = PBXGroup;
			children = (
				4C5B9CBA192F9DCC00FC054F /* testCategoriesTests.m */,
				4C5B9CB5192F9DCC00FC054F /* Supporting Files */,
			);
			path = testCategoriesTests;
			sourceTree = "<group>";
		};
		4C5B9CB5192F9DCC00FC054F /* Supporting Files */ = {
			isa = PBXGroup;
			children = (
				4C5B9CB6192F9DCC00FC054F /* testCategoriesTests-Info.plist */,
				4C5B9CB7192F9DCC00FC054F /* InfoPlist.strings */,
			);
			name = "Supporting Files";
			sourceTree = "<group>";
		};
/* End PBXGroup section */

/* Begin PBXNativeTarget section */
		4C5B9C8B192F9DCC00FC054F /* testCategories */ = {
			isa = PBXNativeTarget;
			buildConfigurationList = 4C5B9CBE192F9DCC00FC054F /* Build configuration list for PBXNativeTarget "testCategories" */;
			buildPhases = (
				4C5B9C88192F9DCC00FC054F /* Sources */,
				4C5B9C89192F9DCC00FC054F /* Frameworks */,
				4C5B9C8A192F9DCC00FC054F /* Resources */,
			);
			buildRules = (
			);
			dependencies = (
			);
			name = testCategories;
			productName = testCategories;
			productReference = 4C5B9C8C192F9DCC00FC054F /* testCategories.app */;
			productType = "com.apple.product-type.application";
		};
		4C5B9CAC192F9DCC00FC054F /* testCategoriesTests */ = {
			isa = PBXNativeTarget;
			buildConfigurationList = 4C5B9CC1192F9DCC00FC054F /* Build configuration list for PBXNativeTarget "testCategoriesTests" */;
			buildPhases = (
				4C5B9CA9192F9DCC00FC054F /* Sources */,
				4C5B9CAA192F9DCC00FC054F /* Frameworks */,
				4C5B9CAB192F9DCC00FC054F /* Resources */,
			);
			buildRules = (
			);
			dependencies = (
				4C5B9CB3192F9DCC00FC054F /* PBXTargetDependency */,
			);
			name = testCategoriesTests;
			productName = testCategoriesTests;
			productReference = 4C5B9CAD192F9DCC00FC054F /* testCategoriesTests.xctest */;
			productType = "com.apple.product-type.bundle.unit-test";
		};
/* End PBXNativeTarget section */

/* Begin PBXProject section */
		4C5B9C84192F9DCC00FC054F /* Project object */ = {
			isa = PBXProject;
			attributes = {
				LastUpgradeCheck = 0510;
				ORGANIZATIONNAME = Mike;
				TargetAttributes = {
					4C5B9CAC192F9DCC00FC054F = {
						TestTargetID = 4C5B9C8B192F9DCC00FC054F;
					};
				};
			};
			buildConfigurationList = 4C5B9C87192F9DCC00FC054F /* Build configuration list for PBXProject "testCategories" */;
			compatibilityVersion = "Xcode 3.2";
			developmentRegion = English;
			hasScannedForEncodings = 0;
			knownRegions = (
				en,
				Base,
			);
			mainGroup = 4C5B9C83192F9DCC00FC054F;
			productRefGroup = 4C5B9C8D192F9DCC00FC054F /* Products */;
			projectDirPath = "";
			projectRoot = "";
			targets = (
				4C5B9C8B192F9DCC00FC054F /* testCategories */,
				4C5B9CAC192F9DCC00FC054F /* testCategoriesTests */,
			);
		};
/* End PBXProject section */

/* Begin PBXResourcesBuildPhase section */
		4C5B9C8A192F9DCC00FC054F /* Resources */ = {
			isa = PBXResourcesBuildPhase;
			buildActionMask = 2147483647;
			files = (
				4C5B9CA8192F9DCC00FC054F /* Images.xcassets in Resources */,
				4C5B9C9A192F9DCC00FC054F /* InfoPlist.strings in Resources */,
				4C5B9CA3192F9DCC00FC054F /* Main.storyboard in Resources */,
			);
			runOnlyForDeploymentPostprocessing = 0;
		};
		4C5B9CAB192F9DCC00FC054F /* Resources */ = {
			isa = PBXResourcesBuildPhase;
			buildActionMask = 2147483647;
			files = (
				4C5B9CB9192F9DCC00FC054F /* InfoPlist.strings in Resources */,
			);
			runOnlyForDeploymentPostprocessing = 0;
		};
/* End PBXResourcesBuildPhase section */

/* Begin PBXSourcesBuildPhase section */
		4C5B9C88192F9DCC00FC054F /* Sources */ = {
			isa = PBXSourcesBuildPhase;
			buildActionMask = 2147483647;
			files = (
				4C5B9CC6192F9DD900FC054F /* UIView+myCategoryName.m in Sources */,
				4C5B9CA6192F9DCC00FC054F /* ViewController.m in Sources */,
				4C5B9CA0192F9DCC00FC054F /* AppDelegate.m in Sources */,
				4C5B9C9C192F9DCC00FC054F /* main.m in Sources */,
			);
			runOnlyForDeploymentPostprocessing = 0;
		};
		4C5B9CA9192F9DCC00FC054F /* Sources */ = {
			isa = PBXSourcesBuildPhase;
			buildActionMask = 2147483647;
			files = (
				4C5B9CBB192F9DCC00FC054F /* testCategoriesTests.m in Sources */,
			);
			runOnlyForDeploymentPostprocessing = 0;
		};
/* End PBXSourcesBuildPhase section */

/* Begin PBXTargetDependency section */
		4C5B9CB3192F9DCC00FC054F /* PBXTargetDependency */ = {
			isa = PBXTargetDependency;
			target = 4C5B9C8B192F9DCC00FC054F /* testCategories */;
			targetProxy = 4C5B9CB2192F9DCC00FC054F /* PBXContainerItemProxy */;
		};
/* End PBXTargetDependency section */

/* Begin PBXVariantGroup section */
		4C5B9C98192F9DCC00FC054F /* InfoPlist.strings */ = {
			isa = PBXVariantGroup;
			children = (
				4C5B9C99192F9DCC00FC054F /* en */,
			);
			name = InfoPlist.strings;
			sourceTree = "<group>";
		};
		4C5B9CA1192F9DCC00FC054F /* Main.storyboard */ = {
			isa = PBXVariantGroup;
			children = (
				4C5B9CA2192F9DCC00FC054F /* Base */,
			);
			name = Main.storyboard;
			sourceTree = "<group>";
		};
		4C5B9CB7192F9DCC00FC054F /* InfoPlist.strings */ = {
			isa = PBXVariantGroup;
			children = (
				4C5B9CB8192F9DCC00FC054F /* en */,
			);
			name = InfoPlist.strings;
			sourceTree = "<group>";
		};
/* End PBXVariantGroup section */

/* Begin XCBuildConfiguration section */
		4C5B9CBC192F9DCC00FC054F /* Debug */ = {
			isa = XCBuildConfiguration;
			buildSettings = {
				ALWAYS_SEARCH_USER_PATHS = NO;
				CLANG_CXX_LANGUAGE_STANDARD = "gnu++0x";
				CLANG_CXX_LIBRARY = "libc++";
				CLANG_ENABLE_MODULES = YES;
				CLANG_ENABLE_OBJC_ARC = YES;
				CLANG_WARN_BOOL_CONVERSION = YES;
				CLANG_WARN_CONSTANT_CONVERSION = YES;
				CLANG_WARN_DIRECT_OBJC_ISA_USAGE = YES_ERROR;
				CLANG_WARN_EMPTY_BODY = YES;
				CLANG_WARN_ENUM_CONVERSION = YES;
				CLANG_WARN_INT_CONVERSION = YES;
				CLANG_WARN_OBJC_ROOT_CLASS = YES_ERROR;
				CLANG_WARN__DUPLICATE_METHOD_MATCH = YES;
				"CODE_SIGN_IDENTITY[sdk=iphoneos*]" = "iPhone Developer";
				COPY_PHASE_STRIP = NO;
				GCC_C_LANGUAGE_STANDARD = gnu99;
				GCC_DYNAMIC_NO_PIC = NO;
				GCC_OPTIMIZATION_LEVEL = 0;
				GCC_PREPROCESSOR_DEFINITIONS = (
					"DEBUG=1",
					"$(inherited)",
				);
				GCC_SYMBOLS_PRIVATE_EXTERN = NO;
				GCC_WARN_64_TO_32_BIT_CONVERSION = YES;
				GCC_WARN_ABOUT_RETURN_TYPE = YES_ERROR;
				GCC_WARN_UNDECLARED_SELECTOR = YES;
				GCC_WARN_UNINITIALIZED_AUTOS = YES_AGGRESSIVE;
				GCC_WARN_UNUSED_FUNCTION = YES;
				GCC_WARN_UNUSED_VARIABLE = YES;
				IPHONEOS_DEPLOYMENT_TARGET = 7.1;
				ONLY_ACTIVE_ARCH = YES;
				SDKROOT = iphoneos;
			};
			name = Debug;
		};
		4C5B9CBD192F9DCC00FC054F /* Release */ = {
			isa = XCBuildConfiguration;
			buildSettings = {
				ALWAYS_SEARCH_USER_PATHS = NO;
				CLANG_CXX_LANGUAGE_STANDARD = "gnu++0x";
				CLANG_CXX_LIBRARY = "libc++";
				CLANG_ENABLE_MODULES = YES;
				CLANG_ENABLE_OBJC_ARC = YES;
				CLANG_WARN_BOOL_CONVERSION = YES;
				CLANG_WARN_CONSTANT_CONVERSION = YES;
				CLANG_WARN_DIRECT_OBJC_ISA_USAGE = YES_ERROR;
				CLANG_WARN_EMPTY_BODY = YES;
				CLANG_WARN_ENUM_CONVERSION = YES;
				CLANG_WARN_INT_CONVERSION = YES;
				CLANG_WARN_OBJC_ROOT_CLASS = YES_ERROR;
				CLANG_WARN__DUPLICATE_METHOD_MATCH = YES;
				"CODE_SIGN_IDENTITY[sdk=iphoneos*]" = "iPhone Developer";
				COPY_PHASE_STRIP = YES;
				ENABLE_NS_ASSERTIONS = NO;
				GCC_C_LANGUAGE_STANDARD = gnu99;
				GCC_WARN_64_TO_32_BIT_CONVERSION = YES;
				GCC_WARN_ABOUT_RETURN_TYPE = YES_ERROR;
				GCC_WARN_UNDECLARED_SELECTOR = YES;
				GCC_WARN_UNINITIALIZED_AUTOS = YES_AGGRESSIVE;
				GCC_WARN_UNUSED_FUNCTION = YES;
				GCC_WARN_UNUSED_VARIABLE = YES;
				IPHONEOS_DEPLOYMENT_TARGET = 7.1;
				SDKROOT = iphoneos;
				VALIDATE_PRODUCT = YES;
			};
			name = Release;
		};
		4C5B9CBF192F9DCC00FC054F /* Debug */ = {
			isa = XCBuildConfiguration;
			buildSettings = {
				ASSETCATALOG_COMPILER_APPICON_NAME = AppIcon;
				ASSETCATALOG_COMPILER_LAUNCHIMAGE_NAME = LaunchImage;
				GCC_PRECOMPILE_PREFIX_HEADER = YES;
				GCC_PREFIX_HEADER = "testCategories/testCategories-Prefix.pch";
				INFOPLIST_FILE = "testCategories/testCategories-Info.plist";
				PRODUCT_NAME = "$(TARGET_NAME)";
				WRAPPER_EXTENSION = app;
			};
			name = Debug;
		};
		4C5B9CC0192F9DCC00FC054F /* Release */ = {
			isa = XCBuildConfiguration;
			buildSettings = {
				ASSETCATALOG_COMPILER_APPICON_NAME = AppIcon;
				ASSETCATALOG_COMPILER_LAUNCHIMAGE_NAME = LaunchImage;
				GCC_PRECOMPILE_PREFIX_HEADER = YES;
				GCC_PREFIX_HEADER = "testCategories/testCategories-Prefix.pch";
				INFOPLIST_FILE = "testCategories/testCategories-Info.plist";
				PRODUCT_NAME = "$(TARGET_NAME)";
				WRAPPER_EXTENSION = app;
			};
			name = Release;
		};
		4C5B9CC2192F9DCC00FC054F /* Debug */ = {
			isa = XCBuildConfiguration;
			buildSettings = {
				BUNDLE_LOADER = "$(BUILT_PRODUCTS_DIR)/testCategories.app/testCategories";
				FRAMEWORK_SEARCH_PATHS = (
					"$(SDKROOT)/Developer/Library/Frameworks",
					"$(inherited)",
					"$(DEVELOPER_FRAMEWORKS_DIR)",
				);
				GCC_PRECOMPILE_PREFIX_HEADER = YES;
				GCC_PREFIX_HEADER = "testCategories/testCategories-Prefix.pch";
				GCC_PREPROCESSOR_DEFINITIONS = (
					"DEBUG=1",
					"$(inherited)",
				);
				INFOPLIST_FILE = "testCategoriesTests/testCategoriesTests-Info.plist";
				PRODUCT_NAME = "$(TARGET_NAME)";
				TEST_HOST = "$(BUNDLE_LOADER)";
				WRAPPER_EXTENSION = xctest;
			};
			name = Debug;
		};
		4C5B9CC3192F9DCC00FC054F /* Release */ = {
			isa = XCBuildConfiguration;
			buildSettings = {
				BUNDLE_LOADER = "$(BUILT_PRODUCTS_DIR)/testCategories.app/testCategories";
				FRAMEWORK_SEARCH_PATHS = (
					"$(SDKROOT)/Developer/Library/Frameworks",
					"$(inherited)",
					"$(DEVELOPER_FRAMEWORKS_DIR)",
				);
				GCC_PRECOMPILE_PREFIX_HEADER = YES;
				GCC_PREFIX_HEADER = "testCategories/testCategories-Prefix.pch";
				INFOPLIST_FILE = "testCategoriesTests/testCategoriesTests-Info.plist";
				PRODUCT_NAME = "$(TARGET_NAME)";
				TEST_HOST = "$(BUNDLE_LOADER)";
				WRAPPER_EXTENSION = xctest;
			};
			name = Release;
		};
/* End XCBuildConfiguration section */

/* Begin XCConfigurationList section */
		4C5B9C87192F9DCC00FC054F /* Build configuration list for PBXProject "testCategories" */ = {
			isa = XCConfigurationList;
			buildConfigurations = (
				4C5B9CBC192F9DCC00FC054F /* Debug */,
				4C5B9CBD192F9DCC00FC054F /* Release */,
			);
			defaultConfigurationIsVisible = 0;
			defaultConfigurationName = Release;
		};
		4C5B9CBE192F9DCC00FC054F /* Build configuration list for PBXNativeTarget "testCategories" */ = {
			isa = XCConfigurationList;
			buildConfigurations = (
				4C5B9CBF192F9DCC00FC054F /* Debug */,
				4C5B9CC0192F9DCC00FC054F /* Release */,
			);
			defaultConfigurationIsVisible = 0;
		};
		4C5B9CC1192F9DCC00FC054F /* Build configuration list for PBXNativeTarget "testCategoriesTests" */ = {
			isa = XCConfigurationList;
			buildConfigurations = (
				4C5B9CC2192F9DCC00FC054F /* Debug */,
				4C5B9CC3192F9DCC00FC054F /* Release */,
			);
			defaultConfigurationIsVisible = 0;
		};
/* End XCConfigurationList section */
	};
	rootObject = 4C5B9C84192F9DCC00FC054F /* Project object */;
}
